// !$*UTF8*$!
{
	archiveVersion = 1;
	classes = {
	};
	objectVersion = 77;
	objects = {

/* Begin PBXBuildFile section */
		56F154B62F4564C800927B49 /* FirebaseAuth in Frameworks */ = {isa = PBXBuildFile; productRef = 56F154B52F4564C800927B49 /* FirebaseAuth */; };
		56F154B82F4564C800927B49 /* FirebaseMessaging in Frameworks */ = {isa = PBXBuildFile; productRef = 56F154B72F4564C800927B49 /* FirebaseMessaging */; };
/* End PBXBuildFile section */

/* Begin PBXContainerItemProxy section */
		568265A32E8C29EB0059617D /* PBXContainerItemProxy */ = {
			isa = PBXContainerItemProxy;
			containerPortal = 5682658D2E8C29EA0059617D /* Project object */;
			proxyType = 1;
			remoteGlobalIDString = 568265942E8C29EA0059617D;
			remoteInfo = "The Punch";
		};
		568265AD2E8C29EB0059617D /* PBXContainerItemProxy */ = {
			isa = PBXContainerItemProxy;
			containerPortal = 5682658D2E8C29EA0059617D /* Project object */;
			proxyType = 1;
			remoteGlobalIDString = 568265942E8C29EA0059617D;
			remoteInfo = "The Punch";
		};
/* End PBXContainerItemProxy section */

/* Begin PBXFileReference section */
		568265952E8C29EA0059617D /* The Punch.app */ = {isa = PBXFileReference; explicitFileType = wrapper.application; includeInIndex = 0; path = "The Punch.app"; sourceTree = BUILT_PRODUCTS_DIR; };
		568265A22E8C29EB0059617D /* The PunchTests.xctest */ = {isa = PBXFileReference; explicitFileType = wrapper.cfbundle; includeInIndex = 0; path = "The PunchTests.xctest"; sourceTree = BUILT_PRODUCTS_DIR; };
		568265AC2E8C29EB0059617D /* The PunchUITests.xctest */ = {isa = PBXFileReference; explicitFileType = wrapper.cfbundle; includeInIndex = 0; path = "The PunchUITests.xctest"; sourceTree = BUILT_PRODUCTS_DIR; };
/* End PBXFileReference section */

/* Begin PBXFileSystemSynchronizedRootGroup section */
		568265972E8C29EA0059617D /* The Punch */ = {
			isa = PBXFileSystemSynchronizedRootGroup;
			path = "The Punch";
			sourceTree = "<group>";
		};
		568265A52E8C29EB0059617D /* The PunchTests */ = {
			isa = PBXFileSystemSynchronizedRootGroup;
			path = "The PunchTests";
			sourceTree = "<group>";
		};
		568265AF2E8C29EB0059617D /* The PunchUITests */ = {
			isa = PBXFileSystemSynchronizedRootGroup;
			path = "The PunchUITests";
			sourceTree = "<group>";
		};
/* End PBXFileSystemSynchronizedRootGroup section */

/* Begin PBXFrameworksBuildPhase section */
		568265922E8C29EA0059617D /* Frameworks */ = {
			isa = PBXFrameworksBuildPhase;
			buildActionMask = 2147483647;
			files = (
				56F154B82F4564C800927B49 /* FirebaseMessaging in Frameworks */,
				56F154B62F4564C800927B49 /* FirebaseAuth in Frameworks */,
			);
			runOnlyForDeploymentPostprocessing = 0;
		};
		5682659F2E8C29EB0059617D /* Frameworks */ = {
			isa = PBXFrameworksBuildPhase;
			buildActionMask = 2147483647;
			files = (
			);
			runOnlyForDeploymentPostprocessing = 0;
		};
		568265A92E8C29EB0059617D /* Frameworks */ = {
			isa = PBXFrameworksBuildPhase;
			buildActionMask = 2147483647;
			files = (
			);
			runOnlyForDeploymentPostprocessing = 0;
		};
/* End PBXFrameworksBuildPhase section */

/* Begin PBXGroup section */
		5682658C2E8C29EA0059617D = {
			isa = PBXGroup;
			children = (
				568265972E8C29EA0059617D /* The Punch */,
				568265A52E8C29EB0059617D /* The PunchTests */,
				568265AF2E8C29EB0059617D /* The PunchUITests */,
				568265962E8C29EA0059617D /* Products */,
			);
			sourceTree = "<group>";
		};
		568265962E8C29EA0059617D /* Products */ = {
			isa = PBXGroup;
			children = (
				568265952E8C29EA0059617D /* The Punch.app */,
				568265A22E8C29EB0059617D /* The PunchTests.xctest */,
				568265AC2E8C29EB0059617D /* The PunchUITests.xctest */,
			);
			name = Products;
			sourceTree = "<group>";
		};
/* End PBXGroup section */

/* Begin PBXNativeTarget section */
		568265942E8C29EA0059617D /* The Punch */ = {
			isa = PBXNativeTarget;
			buildConfigurationList = 568265B62E8C29EB0059617D /* Build configuration list for PBXNativeTarget "The Punch" */;
			buildPhases = (
				568265912E8C29EA0059617D /* Sources */,
				568265922E8C29EA0059617D /* Frameworks */,
				568265932E8C29EA0059617D /* Resources */,
			);
			buildRules = (
			);
			dependencies = (
			);
			fileSystemSynchronizedGroups = (
				568265972E8C29EA0059617D /* The Punch */,
			);
			name = "The Punch";
			packageProductDependencies = (
				56F154B52F4564C800927B49 /* FirebaseAuth */,
				56F154B72F4564C800927B49 /* FirebaseMessaging */,
			);
			productName = "The Punch";
			productReference = 568265952E8C29EA0059617D /* The Punch.app */;
			productType = "com.apple.product-type.application";
		};
		568265A12E8C29EB0059617D /* The PunchTests */ = {
			isa = PBXNativeTarget;
			buildConfigurationList = 568265B92E8C29EB0059617D /* Build configuration list for PBXNativeTarget "The PunchTests" */;
			buildPhases = (
				5682659E2E8C29EB0059617D /* Sources */,
				5682659F2E8C29EB0059617D /* Frameworks */,
				568265A02E8C29EB0059617D /* Resources */,
			);
			buildRules = (
			);
			dependencies = (
				568265A42E8C29EB0059617D /* PBXTargetDependency */,
			);
			fileSystemSynchronizedGroups = (
				568265A52E8C29EB0059617D /* The PunchTests */,
			);
			name = "The PunchTests";
			packageProductDependencies = (
			);
			productName = "The PunchTests";
			productReference = 568265A22E8C29EB0059617D /* The PunchTests.xctest */;
			productType = "com.apple.product-type.bundle.unit-test";
		};
		568265AB2E8C29EB0059617D /* The PunchUITests */ = {
			isa = PBXNativeTarget;
			buildConfigurationList = 568265BC2E8C29EB0059617D /* Build configuration list for PBXNativeTarget "The PunchUITests" */;
			buildPhases = (
				568265A82E8C29EB0059617D /* Sources */,
				568265A92E8C29EB0059617D /* Frameworks */,
				568265AA2E8C29EB0059617D /* Resources */,
			);
			buildRules = (
			);
			dependencies = (
				568265AE2E8C29EB0059617D /* PBXTargetDependency */,
			);
			fileSystemSynchronizedGroups = (
				568265AF2E8C29EB0059617D /* The PunchUITests */,
			);
			name = "The PunchUITests";
			packageProductDependencies = (
			);
			productName = "The PunchUITests";
			productReference = 568265AC2E8C29EB0059617D /* The PunchUITests.xctest */;
			productType = "com.apple.product-type.bundle.ui-testing";
		};
/* End PBXNativeTarget section */

/* Begin PBXProject section */
		5682658D2E8C29EA0059617D /* Project object */ = {
			isa = PBXProject;
			attributes = {
				BuildIndependentTargetsInParallel = 1;
				LastSwiftUpdateCheck = 1640;
				LastUpgradeCheck = 2600;
				TargetAttributes = {
					568265942E8C29EA0059617D = {
						CreatedOnToolsVersion = 16.4;
					};
					568265A12E8C29EB0059617D = {
						CreatedOnToolsVersion = 16.4;
						TestTargetID = 568265942E8C29EA0059617D;
					};
					568265AB2E8C29EB0059617D = {
						CreatedOnToolsVersion = 16.4;
						TestTargetID = 568265942E8C29EA0059617D;
					};
				};
			};
			buildConfigurationList = 568265902E8C29EA0059617D /* Build configuration list for PBXProject "ThePunch" */;
			developmentRegion = en;
			hasScannedForEncodings = 0;
			knownRegions = (
				en,
				Base,
			);
			mainGroup = 5682658C2E8C29EA0059617D;
			minimizedProjectReferenceProxies = 1;
			packageReferences = (
				56F154B42F4564C800927B49 /* XCRemoteSwiftPackageReference "firebase-ios-sdk" */,
			);
			preferredProjectObjectVersion = 77;
			productRefGroup = 568265962E8C29EA0059617D /* Products */;
			projectDirPath = "";
			projectRoot = "";
			targets = (
				568265942E8C29EA0059617D /* The Punch */,
				568265A12E8C29EB0059617D /* The PunchTests */,
				568265AB2E8C29EB0059617D /* The PunchUITests */,
			);
		};
/* End PBXProject section */

/* Begin PBXResourcesBuildPhase section */
		568265932E8C29EA0059617D /* Resources */ = {
			isa = PBXResourcesBuildPhase;
			buildActionMask = 2147483647;
			files = (
			);
			runOnlyForDeploymentPostprocessing = 0;
		};
		568265A02E8C29EB0059617D /* Resources */ = {
			isa = PBXResourcesBuildPhase;
			buildActionMask = 2147483647;
			files = (
			);
			runOnlyForDeploymentPostprocessing = 0;
		};
		568265AA2E8C29EB0059617D /* Resources */ = {
			isa = PBXResourcesBuildPhase;
			buildActionMask = 2147483647;
			files = (
			);
			runOnlyForDeploymentPostprocessing = 0;
		};
/* End PBXResourcesBuildPhase section */

/* Begin PBXSourcesBuildPhase section */
		568265912E8C29EA0059617D /* Sources */ = {
			isa = PBXSourcesBuildPhase;
			buildActionMask = 2147483647;
			files = (
			);
			runOnlyForDeploymentPostprocessing = 0;
		};
		5682659E2E8C29EB0059617D /* Sources */ = {
			isa = PBXSourcesBuildPhase;
			buildActionMask = 2147483647;
			files = (
			);
			runOnlyForDeploymentPostprocessing = 0;
		};
		568265A82E8C29EB0059617D /* Sources */ = {
			isa = PBXSourcesBuildPhase;
			buildActionMask = 2147483647;
			files = (
			);
			runOnlyForDeploymentPostprocessing = 0;
		};
/* End PBXSourcesBuildPhase section */

/* Begin PBXTargetDependency section */
		568265A42E8C29EB0059617D /* PBXTargetDependency */ = {
			isa = PBXTargetDependency;
			target = 568265942E8C29EA0059617D /* The Punch */;
			targetProxy = 568265A32E8C29EB0059617D /* PBXContainerItemProxy */;
		};
		568265AE2E8C29EB0059617D /* PBXTargetDependency */ = {
			isa = PBXTargetDependency;
			target = 568265942E8C29EA0059617D /* The Punch */;
			targetProxy = 568265AD2E8C29EB0059617D /* PBXContainerItemProxy */;
		};
/* End PBXTargetDependency section */

/* Begin XCBuildConfiguration section */
		568265B42E8C29EB0059617D /* Debug */ = {
			isa = XCBuildConfiguration;
			buildSettings = {
				ALWAYS_SEARCH_USER_PATHS = NO;
				ASSETCATALOG_COMPILER_GENERATE_SWIFT_ASSET_SYMBOL_EXTENSIONS = YES;
				CLANG_ANALYZER_NONNULL = YES;
				CLANG_ANALYZER_NUMBER_OBJECT_CONVERSION = YES_AGGRESSIVE;
				CLANG_CXX_LANGUAGE_STANDARD = "gnu++20";
				CLANG_ENABLE_MODULES = YES;
				CLANG_ENABLE_OBJC_ARC = YES;
				CLANG_ENABLE_OBJC_WEAK = YES;
				CLANG_WARN_BLOCK_CAPTURE_AUTORELEASING = YES;
				CLANG_WARN_BOOL_CONVERSION = YES;
				CLANG_WARN_COMMA = YES;
				CLANG_WARN_CONSTANT_CONVERSION = YES;
				CLANG_WARN_DEPRECATED_OBJC_IMPLEMENTATIONS = YES;
				CLANG_WARN_DIRECT_OBJC_ISA_USAGE = YES_ERROR;
				CLANG_WARN_DOCUMENTATION_COMMENTS = YES;
				CLANG_WARN_EMPTY_BODY = YES;
				CLANG_WARN_ENUM_CONVERSION = YES;
				CLANG_WARN_INFINITE_RECURSION = YES;
				CLANG_WARN_INT_CONVERSION = YES;
				CLANG_WARN_NON_LITERAL_NULL_CONVERSION = YES;
				CLANG_WARN_OBJC_IMPLICIT_RETAIN_SELF = YES;
				CLANG_WARN_OBJC_LITERAL_CONVERSION = YES;
				CLANG_WARN_OBJC_ROOT_CLASS = YES_ERROR;
				CLANG_WARN_QUOTED_INCLUDE_IN_FRAMEWORK_HEADER = YES;
				CLANG_WARN_RANGE_LOOP_ANALYSIS = YES;
				CLANG_WARN_STRICT_PROTOTYPES = YES;
				CLANG_WARN_SUSPICIOUS_MOVE = YES;
				CLANG_WARN_UNGUARDED_AVAILABILITY = YES_AGGRESSIVE;
				CLANG_WARN_UNREACHABLE_CODE = YES;
				CLANG_WARN__DUPLICATE_METHOD_MATCH = YES;
				COPY_PHASE_STRIP = NO;
				DEBUG_INFORMATION_FORMAT = dwarf;
				ENABLE_STRICT_OBJC_MSGSEND = YES;
				ENABLE_TESTABILITY = YES;
				ENABLE_USER_SCRIPT_SANDBOXING = YES;
				GCC_C_LANGUAGE_STANDARD = gnu17;
				GCC_DYNAMIC_NO_PIC = NO;
				GCC_NO_COMMON_BLOCKS = YES;
				GCC_OPTIMIZATION_LEVEL = 0;
				GCC_PREPROCESSOR_DEFINITIONS = (
					"DEBUG=1",
					"$(inherited)",
				);
				GCC_WARN_64_TO_32_BIT_CONVERSION = YES;
				GCC_WARN_ABOUT_RETURN_TYPE = YES_ERROR;
				GCC_WARN_UNDECLARED_SELECTOR = YES;
				GCC_WARN_UNINITIALIZED_AUTOS = YES_AGGRESSIVE;
				GCC_WARN_UNUSED_FUNCTION = YES;
				GCC_WARN_UNUSED_VARIABLE = YES;
				IPHONEOS_DEPLOYMENT_TARGET = 18.5;
				LOCALIZATION_PREFERS_STRING_CATALOGS = YES;
				MTL_ENABLE_DEBUG_INFO = INCLUDE_SOURCE;
				MTL_FAST_MATH = YES;
				ONLY_ACTIVE_ARCH = YES;
				SDKROOT = iphoneos;
				STRING_CATALOG_GENERATE_SYMBOLS = YES;
				SWIFT_ACTIVE_COMPILATION_CONDITIONS = "DEBUG $(inherited)";
				SWIFT_OPTIMIZATION_LEVEL = "-Onone";
			};
			name = Debug;
		};
		568265B52E8C29EB0059617D /* Release */ = {
			isa = XCBuildConfiguration;
			buildSettings = {
				ALWAYS_SEARCH_USER_PATHS = NO;
				ASSETCATALOG_COMPILER_GENERATE_SWIFT_ASSET_SYMBOL_EXTENSIONS = YES;
				CLANG_ANALYZER_NONNULL = YES;
				CLANG_ANALYZER_NUMBER_OBJECT_CONVERSION = YES_AGGRESSIVE;
				CLANG_CXX_LANGUAGE_STANDARD = "gnu++20";
				CLANG_ENABLE_MODULES = YES;
				CLANG_ENABLE_OBJC_ARC = YES;
				CLANG_ENABLE_OBJC_WEAK = YES;
				CLANG_WARN_BLOCK_CAPTURE_AUTORELEASING = YES;
				CLANG_WARN_BOOL_CONVERSION = YES;
				CLANG_WARN_COMMA = YES;
				CLANG_WARN_CONSTANT_CONVERSION = YES;
				CLANG_WARN_DEPRECATED_OBJC_IMPLEMENTATIONS = YES;
				CLANG_WARN_DIRECT_OBJC_ISA_USAGE = YES_ERROR;
				CLANG_WARN_DOCUMENTATION_COMMENTS = YES;
				CLANG_WARN_EMPTY_BODY = YES;
				CLANG_WARN_ENUM_CONVERSION = YES;
				CLANG_WARN_INFINITE_RECURSION = YES;
				CLANG_WARN_INT_CONVERSION = YES;
				CLANG_WARN_NON_LITERAL_NULL_CONVERSION = YES;
				CLANG_WARN_OBJC_IMPLICIT_RETAIN_SELF = YES;
				CLANG_WARN_OBJC_LITERAL_CONVERSION = YES;
				CLANG_WARN_OBJC_ROOT_CLASS = YES_ERROR;
				CLANG_WARN_QUOTED_INCLUDE_IN_FRAMEWORK_HEADER = YES;
				CLANG_WARN_RANGE_LOOP_ANALYSIS = YES;
				CLANG_WARN_STRICT_PROTOTYPES = YES;
				CLANG_WARN_SUSPICIOUS_MOVE = YES;
				CLANG_WARN_UNGUARDED_AVAILABILITY = YES_AGGRESSIVE;
				CLANG_WARN_UNREACHABLE_CODE = YES;
				CLANG_WARN__DUPLICATE_METHOD_MATCH = YES;
				COPY_PHASE_STRIP = NO;
				DEBUG_INFORMATION_FORMAT = "dwarf-with-dsym";
				ENABLE_NS_ASSERTIONS = NO;
				ENABLE_STRICT_OBJC_MSGSEND = YES;
				ENABLE_USER_SCRIPT_SANDBOXING = YES;
				GCC_C_LANGUAGE_STANDARD = gnu17;
				GCC_NO_COMMON_BLOCKS = YES;
				GCC_WARN_64_TO_32_BIT_CONVERSION = YES;
				GCC_WARN_ABOUT_RETURN_TYPE = YES_ERROR;
				GCC_WARN_UNDECLARED_SELECTOR = YES;
				GCC_WARN_UNINITIALIZED_AUTOS = YES_AGGRESSIVE;
				GCC_WARN_UNUSED_FUNCTION = YES;
				GCC_WARN_UNUSED_VARIABLE = YES;
				IPHONEOS_DEPLOYMENT_TARGET = 18.5;
				LOCALIZATION_PREFERS_STRING_CATALOGS = YES;
				MTL_ENABLE_DEBUG_INFO = NO;
				MTL_FAST_MATH = YES;
				SDKROOT = iphoneos;
				STRING_CATALOG_GENERATE_SYMBOLS = YES;
				SWIFT_COMPILATION_MODE = wholemodule;
				VALIDATE_PRODUCT = YES;
			};
			name = Release;
		};
		568265B72E8C29EB0059617D /* Debug */ = {
			isa = XCBuildConfiguration;
			buildSettings = {
				ASSETCATALOG_COMPILER_APPICON_NAME = AppIcon;
				ASSETCATALOG_COMPILER_GLOBAL_ACCENT_COLOR_NAME = AccentColor;
				CODE_SIGN_STYLE = Automatic;
				CURRENT_PROJECT_VERSION = 1;
				DEVELOPMENT_TEAM = DNS875PGA8;
				ENABLE_PREVIEWS = YES;
				GENERATE_INFOPLIST_FILE = YES;
				INFOPLIST_FILE = "The-Punch-Info.plist";
				INFOPLIST_KEY_UIApplicationSceneManifest_Generation = YES;
				INFOPLIST_KEY_UIApplicationSupportsIndirectInputEvents = YES;
				INFOPLIST_KEY_UILaunchScreen_Generation = YES;
				INFOPLIST_KEY_UISupportedInterfaceOrientations_iPad = "UIInterfaceOrientationPortrait UIInterfaceOrientationPortraitUpsideDown UIInterfaceOrientationLandscapeLeft UIInterfaceOrientationLandscapeRight";
				INFOPLIST_KEY_UISupportedInterfaceOrientations_iPhone = "UIInterfaceOrientationPortrait UIInterfaceOrientationLandscapeLeft UIInterfaceOrientationLandscapeRight";
				LD_RUNPATH_SEARCH_PATHS = (
					"$(inherited)",
					"@executable_path/Frameworks",
				);
				MARKETING_VERSION = 1.0;
				PRODUCT_BUNDLE_IDENTIFIER = com.sydneypatel.thepunch;
				PRODUCT_NAME = "$(TARGET_NAME)";
				SWIFT_EMIT_LOC_STRINGS = YES;
				SWIFT_VERSION = 5.0;
				TARGETED_DEVICE_FAMILY = "1,2";
			};
			name = Debug;
		};
		568265B82E8C29EB0059617D /* Release */ = {
			isa = XCBuildConfiguration;
			buildSettings = {
				ASSETCATALOG_COMPILER_APPICON_NAME = AppIcon;
				ASSETCATALOG_COMPILER_GLOBAL_ACCENT_COLOR_NAME = AccentColor;
				CODE_SIGN_STYLE = Automatic;
				CURRENT_PROJECT_VERSION = 1;
				DEVELOPMENT_TEAM = DNS875PGA8;
				ENABLE_PREVIEWS = YES;
				GENERATE_INFOPLIST_FILE = YES;
				INFOPLIST_FILE = "The-Punch-Info.plist";
				INFOPLIST_KEY_UIApplicationSceneManifest_Generation = YES;
				INFOPLIST_KEY_UIApplicationSupportsIndirectInputEvents = YES;
				INFOPLIST_KEY_UILaunchScreen_Generation = YES;
				INFOPLIST_KEY_UISupportedInterfaceOrientations_iPad = "UIInterfaceOrientationPortrait UIInterfaceOrientationPortraitUpsideDown UIInterfaceOrientationLandscapeLeft UIInterfaceOrientationLandscapeRight";
				INFOPLIST_KEY_UISupportedInterfaceOrientations_iPhone = "UIInterfaceOrientationPortrait UIInterfaceOrientationLandscapeLeft UIInterfaceOrientationLandscapeRight";
				LD_RUNPATH_SEARCH_PATHS = (
					"$(inherited)",
					"@executable_path/Frameworks",
				);
				MARKETING_VERSION = 1.0;
				PRODUCT_BUNDLE_IDENTIFIER = com.sydneypatel.thepunch;
				PRODUCT_NAME = "$(TARGET_NAME)";
				SWIFT_EMIT_LOC_STRINGS = YES;
				SWIFT_VERSION = 5.0;
				TARGETED_DEVICE_FAMILY = "1,2";
			};
			name = Release;
		};
		568265BA2E8C29EB0059617D /* Debug */ = {
			isa = XCBuildConfiguration;
			buildSettings = {
				BUNDLE_LOADER = "$(TEST_HOST)";
				CODE_SIGN_STYLE = Automatic;
				CURRENT_PROJECT_VERSION = 1;
				GENERATE_INFOPLIST_FILE = YES;
				IPHONEOS_DEPLOYMENT_TARGET = 18.5;
				MARKETING_VERSION = 1.0;
				PRODUCT_BUNDLE_IDENTIFIER = "Valerie-Williams.The-PunchTests";
				PRODUCT_NAME = "$(TARGET_NAME)";
				SWIFT_EMIT_LOC_STRINGS = NO;
				SWIFT_VERSION = 5.0;
				TARGETED_DEVICE_FAMILY = "1,2";
				TEST_HOST = "$(BUILT_PRODUCTS_DIR)/The Punch.app/$(BUNDLE_EXECUTABLE_FOLDER_PATH)/The Punch";
			};
			name = Debug;
		};
		568265BB2E8C29EB0059617D /* Release */ = {
			isa = XCBuildConfiguration;
			buildSettings = {
				BUNDLE_LOADER = "$(TEST_HOST)";
				CODE_SIGN_STYLE = Automatic;
				CURRENT_PROJECT_VERSION = 1;
				GENERATE_INFOPLIST_FILE = YES;
				IPHONEOS_DEPLOYMENT_TARGET = 18.5;
				MARKETING_VERSION = 1.0;
				PRODUCT_BUNDLE_IDENTIFIER = "Valerie-Williams.The-PunchTests";
				PRODUCT_NAME = "$(TARGET_NAME)";
				SWIFT_EMIT_LOC_STRINGS = NO;
				SWIFT_VERSION = 5.0;
				TARGETED_DEVICE_FAMILY = "1,2";
				TEST_HOST = "$(BUILT_PRODUCTS_DIR)/The Punch.app/$(BUNDLE_EXECUTABLE_FOLDER_PATH)/The Punch";
			};
			name = Release;
		};
		568265BD2E8C29EB0059617D /* Debug */ = {
			isa = XCBuildConfiguration;
			buildSettings = {
				CODE_SIGN_STYLE = Automatic;
				CURRENT_PROJECT_VERSION = 1;
				GENERATE_INFOPLIST_FILE = YES;
				MARKETING_VERSION = 1.0;
				PRODUCT_BUNDLE_IDENTIFIER = "Valerie-Williams.The-PunchUITests";
				PRODUCT_NAME = "$(TARGET_NAME)";
				SWIFT_EMIT_LOC_STRINGS = NO;
				SWIFT_VERSION = 5.0;
				TARGETED_DEVICE_FAMILY = "1,2";
				TEST_TARGET_NAME = "The Punch";
			};
			name = Debug;
		};
		568265BE2E8C29EB0059617D /* Release */ = {
			isa = XCBuildConfiguration;
			buildSettings = {
				CODE_SIGN_STYLE = Automatic;
				CURRENT_PROJECT_VERSION = 1;
				GENERATE_INFOPLIST_FILE = YES;
				MARKETING_VERSION = 1.0;
				PRODUCT_BUNDLE_IDENTIFIER = "Valerie-Williams.The-PunchUITests";
				PRODUCT_NAME = "$(TARGET_NAME)";
				SWIFT_EMIT_LOC_STRINGS = NO;
				SWIFT_VERSION = 5.0;
				TARGETED_DEVICE_FAMILY = "1,2";
				TEST_TARGET_NAME = "The Punch";
			};
			name = Release;
		};
/* End XCBuildConfiguration section */

/* Begin XCConfigurationList section */
		568265902E8C29EA0059617D /* Build configuration list for PBXProject "ThePunch" */ = {
			isa = XCConfigurationList;
			buildConfigurations = (
				568265B42E8C29EB0059617D /* Debug */,
				568265B52E8C29EB0059617D /* Release */,
			);
			defaultConfigurationIsVisible = 0;
			defaultConfigurationName = Release;
		};
		568265B62E8C29EB0059617D /* Build configuration list for PBXNativeTarget "The Punch" */ = {
			isa = XCConfigurationList;
			buildConfigurations = (
				568265B72E8C29EB0059617D /* Debug */,
				568265B82E8C29EB0059617D /* Release */,
			);
			defaultConfigurationIsVisible = 0;
			defaultConfigurationName = Release;
		};
		568265B92E8C29EB0059617D /* Build configuration list for PBXNativeTarget "The PunchTests" */ = {
			isa = XCConfigurationList;
			buildConfigurations = (
				568265BA2E8C29EB0059617D /* Debug */,
				568265BB2E8C29EB0059617D /* Release */,
			);
			defaultConfigurationIsVisible = 0;
			defaultConfigurationName = Release;
		};
		568265BC2E8C29EB0059617D /* Build configuration list for PBXNativeTarget "The PunchUITests" */ = {
			isa = XCConfigurationList;
			buildConfigurations = (
				568265BD2E8C29EB0059617D /* Debug */,
				568265BE2E8C29EB0059617D /* Release */,
			);
			defaultConfigurationIsVisible = 0;
			defaultConfigurationName = Release;
		};
/* End XCConfigurationList section */

/* Begin XCRemoteSwiftPackageReference section */
		56F154B42F4564C800927B49 /* XCRemoteSwiftPackageReference "firebase-ios-sdk" */ = {
			isa = XCRemoteSwiftPackageReference;
			repositoryURL = "https://github.com/firebase/firebase-ios-sdk";
			requirement = {
				kind = upToNextMajorVersion;
				minimumVersion = 12.9.0;
			};
		};
/* End XCRemoteSwiftPackageReference section */

/* Begin XCSwiftPackageProductDependency section */
		56F154B52F4564C800927B49 /* FirebaseAuth */ = {
			isa = XCSwiftPackageProductDependency;
			package = 56F154B42F4564C800927B49 /* XCRemoteSwiftPackageReference "firebase-ios-sdk" */;
			productName = FirebaseAuth;
		};
		56F154B72F4564C800927B49 /* FirebaseMessaging */ = {
			isa = XCSwiftPackageProductDependency;
			package = 56F154B42F4564C800927B49 /* XCRemoteSwiftPackageReference "firebase-ios-sdk" */;
			productName = FirebaseMessaging;
		};
/* End XCSwiftPackageProductDependency section */
	};
	rootObject = 5682658D2E8C29EA0059617D /* Project object */;
}
